
Microsoft Visual Studio Solution File, Format Version 12.00
# Visual Studio Version 16
VisualStudioVersion = 16.0.30330.147
MinimumVisualStudioVersion = 10.0.40219.1
Project("{FAE04EC0-301F-11D3-BF4B-00C04F79EFBC}") = "Diapos10", "Diapos10.csproj", "{D070B54B-5382-4D4F-8246-1A6D0739B96E}"
EndProject
Global
	GlobalSection(SolutionConfigurationPlatforms) = preSolution
		Debug|Any CPU = Debug|Any CPU
		Release|Any CPU = Release|Any CPU
	EndGlobalSection
	GlobalSection(ProjectConfigurationPlatforms) = postSolution
		{D070B54B-5382-4D4F-8246-1A6D0739B96E}.Debug|Any CPU.ActiveCfg = Debug|Any CPU
		{D070B54B-5382-4D4F-8246-1A6D0739B96E}.Debug|Any CPU.Build.0 = Debug|Any CPU
		{D070B54B-5382-4D4F-8246-1A6D0739B96E}.Release|Any CPU.ActiveCfg = Release|Any CPU
		{D070B54B-5382-4D4F-8246-1A6D0739B96E}.Release|Any CPU.Build.0 = Release|Any CPU
	EndGlobalSection
	GlobalSection(SolutionProperties) = preSolution
		HideSolutionNode = FALSE
	EndGlobalSection
	GlobalSection(ExtensibilityGlobals) = postSolution
		SolutionGuid = {22F11CDE-C966-4B06-9100-F380DA5348A7}
	EndGlobalSection
EndGlobal
