
Microsoft Visual Studio Solution File, Format Version 12.00
# Visual Studio Version 16
VisualStudioVersion = 16.0.30330.147
MinimumVisualStudioVersion = 10.0.40219.1
Project("{FAE04EC0-301F-11D3-BF4B-00C04F79EFBC}") = "Semaine2", "Semaine2.csproj", "{36C00D50-0840-4EC6-B2A7-18F945984964}"
EndProject
Global
	GlobalSection(SolutionConfigurationPlatforms) = preSolution
		Debug|Any CPU = Debug|Any CPU
		Release|Any CPU = Release|Any CPU
	EndGlobalSection
	GlobalSection(ProjectConfigurationPlatforms) = postSolution
		{36C00D50-0840-4EC6-B2A7-18F945984964}.Debug|Any CPU.ActiveCfg = Debug|Any CPU
		{36C00D50-0840-4EC6-B2A7-18F945984964}.Debug|Any CPU.Build.0 = Debug|Any CPU
		{36C00D50-0840-4EC6-B2A7-18F945984964}.Release|Any CPU.ActiveCfg = Release|Any CPU
		{36C00D50-0840-4EC6-B2A7-18F945984964}.Release|Any CPU.Build.0 = Release|Any CPU
	EndGlobalSection
	GlobalSection(SolutionProperties) = preSolution
		HideSolutionNode = FALSE
	EndGlobalSection
	GlobalSection(ExtensibilityGlobals) = postSolution
		SolutionGuid = {EEEB9945-7C2D-4D5F-9D70-8F5F745E0653}
	EndGlobalSection
EndGlobal
